
Microsoft Visual Studio Solution File, Format Version 12.00
# Visual Studio Version 17
VisualStudioVersion = 17.0.31903.59
MinimumVisualStudioVersion = 10.0.40219.1
Project("{FAE04EC0-301F-11D3-BF4B-00C04F79EFBC}") = "radioButton", "radioButton\radioButton.csproj", "{68321287-3EBC-400C-8921-F16D56C8895C}"
EndProject
Global
	GlobalSection(SolutionConfigurationPlatforms) = preSolution
		Debug|Any CPU = Debug|Any CPU
		Release|Any CPU = Release|Any CPU
	EndGlobalSection
	GlobalSection(ProjectConfigurationPlatforms) = postSolution
		{68321287-3EBC-400C-8921-F16D56C8895C}.Debug|Any CPU.ActiveCfg = Debug|Any CPU
		{68321287-3EBC-400C-8921-F16D56C8895C}.Debug|Any CPU.Build.0 = Debug|Any CPU
		{68321287-3EBC-400C-8921-F16D56C8895C}.Release|Any CPU.ActiveCfg = Release|Any CPU
		{68321287-3EBC-400C-8921-F16D56C8895C}.Release|Any CPU.Build.0 = Release|Any CPU
	EndGlobalSection
	GlobalSection(SolutionProperties) = preSolution
		HideSolutionNode = FALSE
	EndGlobalSection
	GlobalSection(ExtensibilityGlobals) = postSolution
		SolutionGuid = {F42AAE30-C107-469A-89A4-A0DDD675B96F}
	EndGlobalSection
EndGlobal
